
Microsoft Visual Studio Solution File, Format Version 12.00
# Visual Studio Version 17
VisualStudioVersion = 17.9.34607.119
MinimumVisualStudioVersion = 10.0.40219.1
Project("{FAE04EC0-301F-11D3-BF4B-00C04F79EFBC}") = "CMS.API", "CMS.API\CMS.API.csproj", "{4D7D5391-9812-41D3-9ED4-BC1AD33E7862}"
EndProject
Project("{FAE04EC0-301F-11D3-BF4B-00C04F79EFBC}") = "CMS.Domain", "CMS.Domain\CMS.Domain.csproj", "{AEDA4EA8-70C4-4098-BAA0-630CE6E246C0}"
EndProject
Project("{FAE04EC0-301F-11D3-BF4B-00C04F79EFBC}") = "CMS.Infraestructure", "CMS.Infraestructure\CMS.Infraestructure.csproj", "{46520192-E0D6-42CC-BB3C-4E5E34856491}"
EndProject
Project("{FAE04EC0-301F-11D3-BF4B-00C04F79EFBC}") = "CMS.Application", "CMS.Application\CMS.Application.csproj", "{B1A069A4-D8F5-4C65-969C-C8110913C873}"
EndProject
Global
	GlobalSection(SolutionConfigurationPlatforms) = preSolution
		Debug|Any CPU = Debug|Any CPU
		Release|Any CPU = Release|Any CPU
	EndGlobalSection
	GlobalSection(ProjectConfigurationPlatforms) = postSolution
		{4D7D5391-9812-41D3-9ED4-BC1AD33E7862}.Debug|Any CPU.ActiveCfg = Debug|Any CPU
		{4D7D5391-9812-41D3-9ED4-BC1AD33E7862}.Debug|Any CPU.Build.0 = Debug|Any CPU
		{4D7D5391-9812-41D3-9ED4-BC1AD33E7862}.Release|Any CPU.ActiveCfg = Release|Any CPU
		{4D7D5391-9812-41D3-9ED4-BC1AD33E7862}.Release|Any CPU.Build.0 = Release|Any CPU
		{AEDA4EA8-70C4-4098-BAA0-630CE6E246C0}.Debug|Any CPU.ActiveCfg = Debug|Any CPU
		{AEDA4EA8-70C4-4098-BAA0-630CE6E246C0}.Debug|Any CPU.Build.0 = Debug|Any CPU
		{AEDA4EA8-70C4-4098-BAA0-630CE6E246C0}.Release|Any CPU.ActiveCfg = Release|Any CPU
		{AEDA4EA8-70C4-4098-BAA0-630CE6E246C0}.Release|Any CPU.Build.0 = Release|Any CPU
		{46520192-E0D6-42CC-BB3C-4E5E34856491}.Debug|Any CPU.ActiveCfg = Debug|Any CPU
		{46520192-E0D6-42CC-BB3C-4E5E34856491}.Debug|Any CPU.Build.0 = Debug|Any CPU
		{46520192-E0D6-42CC-BB3C-4E5E34856491}.Release|Any CPU.ActiveCfg = Release|Any CPU
		{46520192-E0D6-42CC-BB3C-4E5E34856491}.Release|Any CPU.Build.0 = Release|Any CPU
		{B1A069A4-D8F5-4C65-969C-C8110913C873}.Debug|Any CPU.ActiveCfg = Debug|Any CPU
		{B1A069A4-D8F5-4C65-969C-C8110913C873}.Debug|Any CPU.Build.0 = Debug|Any CPU
		{B1A069A4-D8F5-4C65-969C-C8110913C873}.Release|Any CPU.ActiveCfg = Release|Any CPU
		{B1A069A4-D8F5-4C65-969C-C8110913C873}.Release|Any CPU.Build.0 = Release|Any CPU
	EndGlobalSection
	GlobalSection(SolutionProperties) = preSolution
		HideSolutionNode = FALSE
	EndGlobalSection
	GlobalSection(ExtensibilityGlobals) = postSolution
		SolutionGuid = {8695534B-AE74-49CD-A344-F4186D23FFC5}
	EndGlobalSection
EndGlobal
